
Microsoft Visual Studio Solution File, Format Version 12.00
# Visual Studio Version 16
VisualStudioVersion = 16.0.30804.86
MinimumVisualStudioVersion = 10.0.40219.1
Project("{9A19103F-16F7-4668-BE54-9A1E7A4F7556}") = "ConsoleUI", "ConsoleUI\ConsoleUI.csproj", "{1EB1DD13-DCFA-4B70-A19C-8A6CD02089B5}"
EndProject
Project("{9A19103F-16F7-4668-BE54-9A1E7A4F7556}") = "Entities", "Entities\Entities.csproj", "{45A825DF-4613-474D-9E3D-BAB2E0243370}"
EndProject
Project("{9A19103F-16F7-4668-BE54-9A1E7A4F7556}") = "DataAccess", "DataAccess\DataAccess.csproj", "{84CFEB63-7829-4D14-AC70-826AAF811735}"
EndProject
Project("{9A19103F-16F7-4668-BE54-9A1E7A4F7556}") = "Business", "Business\Business.csproj", "{E956F786-FFBD-4AD1-A3F7-A1A837E279D8}"
EndProject
Project("{9A19103F-16F7-4668-BE54-9A1E7A4F7556}") = "Core", "Core\Core.csproj", "{061B7720-E12E-4E7C-A89F-EE7800F7E703}"
EndProject
Project("{FAE04EC0-301F-11D3-BF4B-00C04F79EFBC}") = "WebAPI", "WebAPI\WebAPI.csproj", "{A9820181-4E3D-4937-8304-0A688232C276}"
EndProject
Global
	GlobalSection(SolutionConfigurationPlatforms) = preSolution
		Debug|Any CPU = Debug|Any CPU
		Release|Any CPU = Release|Any CPU
	EndGlobalSection
	GlobalSection(ProjectConfigurationPlatforms) = postSolution
		{1EB1DD13-DCFA-4B70-A19C-8A6CD02089B5}.Debug|Any CPU.ActiveCfg = Debug|Any CPU
		{1EB1DD13-DCFA-4B70-A19C-8A6CD02089B5}.Debug|Any CPU.Build.0 = Debug|Any CPU
		{1EB1DD13-DCFA-4B70-A19C-8A6CD02089B5}.Release|Any CPU.ActiveCfg = Release|Any CPU
		{1EB1DD13-DCFA-4B70-A19C-8A6CD02089B5}.Release|Any CPU.Build.0 = Release|Any CPU
		{45A825DF-4613-474D-9E3D-BAB2E0243370}.Debug|Any CPU.ActiveCfg = Debug|Any CPU
		{45A825DF-4613-474D-9E3D-BAB2E0243370}.Debug|Any CPU.Build.0 = Debug|Any CPU
		{45A825DF-4613-474D-9E3D-BAB2E0243370}.Release|Any CPU.ActiveCfg = Release|Any CPU
		{45A825DF-4613-474D-9E3D-BAB2E0243370}.Release|Any CPU.Build.0 = Release|Any CPU
		{84CFEB63-7829-4D14-AC70-826AAF811735}.Debug|Any CPU.ActiveCfg = Debug|Any CPU
		{84CFEB63-7829-4D14-AC70-826AAF811735}.Debug|Any CPU.Build.0 = Debug|Any CPU
		{84CFEB63-7829-4D14-AC70-826AAF811735}.Release|Any CPU.ActiveCfg = Release|Any CPU
		{84CFEB63-7829-4D14-AC70-826AAF811735}.Release|Any CPU.Build.0 = Release|Any CPU
		{E956F786-FFBD-4AD1-A3F7-A1A837E279D8}.Debug|Any CPU.ActiveCfg = Debug|Any CPU
		{E956F786-FFBD-4AD1-A3F7-A1A837E279D8}.Debug|Any CPU.Build.0 = Debug|Any CPU
		{E956F786-FFBD-4AD1-A3F7-A1A837E279D8}.Release|Any CPU.ActiveCfg = Release|Any CPU
		{E956F786-FFBD-4AD1-A3F7-A1A837E279D8}.Release|Any CPU.Build.0 = Release|Any CPU
		{061B7720-E12E-4E7C-A89F-EE7800F7E703}.Debug|Any CPU.ActiveCfg = Debug|Any CPU
		{061B7720-E12E-4E7C-A89F-EE7800F7E703}.Debug|Any CPU.Build.0 = Debug|Any CPU
		{061B7720-E12E-4E7C-A89F-EE7800F7E703}.Release|Any CPU.ActiveCfg = Release|Any CPU
		{061B7720-E12E-4E7C-A89F-EE7800F7E703}.Release|Any CPU.Build.0 = Release|Any CPU
		{A9820181-4E3D-4937-8304-0A688232C276}.Debug|Any CPU.ActiveCfg = Debug|Any CPU
		{A9820181-4E3D-4937-8304-0A688232C276}.Debug|Any CPU.Build.0 = Debug|Any CPU
		{A9820181-4E3D-4937-8304-0A688232C276}.Release|Any CPU.ActiveCfg = Release|Any CPU
		{A9820181-4E3D-4937-8304-0A688232C276}.Release|Any CPU.Build.0 = Release|Any CPU
	EndGlobalSection
	GlobalSection(SolutionProperties) = preSolution
		HideSolutionNode = FALSE
	EndGlobalSection
	GlobalSection(ExtensibilityGlobals) = postSolution
		SolutionGuid = {2F1B14F5-8C31-44E8-B1C2-03CE082C3FC5}
	EndGlobalSection
EndGlobal
